<?xml version="1.0" encoding="utf-8"?>
<Project ToolsVersion="4.0" xmlns="http://schemas.microsoft.com/developer/msbuild/2003">
  <ItemGroup>
    <ClCompile Include="..\..\src\gatdaem1d.cpp">
      <Filter>Source</Filter>
    </ClCompile>
    <ClCompile Include="..\..\submodules\cpp-utils\src\file_utils.cpp">
      <Filter>Source</Filter>
    </ClCompile>
    <ClCompile Include="..\..\submodules\cpp-utils\src\general_utils.cpp">
      <Filter>Source</Filter>
    </ClCompile>
  </ItemGroup>
  <ItemGroup>
    <ClInclude Include="..\..\src\tdemsystem.h">
      <Filter>Headers</Filter>
    </ClInclude>
    <ClInclude Include="..\..\src\gatdaem1d.h">
      <Filter>Headers</Filter>
    </ClInclude>
    <ClInclude Include="..\..\submodules\cpp-utils\src\blocklanguage.h">
      <Filter>Headers</Filter>
    </ClInclude>
    <ClInclude Include="..\..\submodules\cpp-utils\src\file_utils.h">
      <Filter>Headers</Filter>
    </ClInclude>
    <ClInclude Include="..\..\submodules\cpp-utils\src\general_utils.h">
      <Filter>Headers</Filter>
    </ClInclude>
    <ClInclude Include="..\..\submodules\cpp-utils\src\geometry3d.h">
      <Filter>Headers</Filter>
    </ClInclude>
    <ClInclude Include="..\..\src\earth1d.h">
      <Filter>Headers</Filter>
    </ClInclude>
    <ClInclude Include="..\..\src\lem.h">
      <Filter>Headers</Filter>
    </ClInclude>
  </ItemGroup>
  <ItemGroup>
    <Filter Include="Headers">
      <UniqueIdentifier>{091f22ee-c67e-456f-81e3-124a65625ab4}</UniqueIdentifier>
    </Filter>
    <Filter Include="Source">
      <UniqueIdentifier>{aa3ef50e-13ae-4c9e-9ea7-0ad265e7bfad}</UniqueIdentifier>
    </Filter>
  </ItemGroup>
</Project>