
Microsoft Visual Studio Solution File, Format Version 12.00
# Visual Studio Version 16
VisualStudioVersion = 16.0.30717.126
MinimumVisualStudioVersion = 10.0.40219.1
Project("{8BC9CEB8-8B4A-11D0-8D11-00A0C91BC942}") = "galeisbstdem", "galeisbstdem.vcxproj", "{4BF1EB2C-05EA-408B-9D87-8BA7A6B0E2E2}"
EndProject
Global
	GlobalSection(SolutionConfigurationPlatforms) = preSolution
		Debug|x64 = Debug|x64
		Release|x64 = Release|x64
	EndGlobalSection
	GlobalSection(ProjectConfigurationPlatforms) = postSolution
		{4BF1EB2C-05EA-408B-9D87-8BA7A6B0E2E2}.Debug|x64.ActiveCfg = Debug|x64
		{4BF1EB2C-05EA-408B-9D87-8BA7A6B0E2E2}.Debug|x64.Build.0 = Debug|x64
		{4BF1EB2C-05EA-408B-9D87-8BA7A6B0E2E2}.Release|x64.ActiveCfg = Release|x64
		{4BF1EB2C-05EA-408B-9D87-8BA7A6B0E2E2}.Release|x64.Build.0 = Release|x64
	EndGlobalSection
	GlobalSection(SolutionProperties) = preSolution
		HideSolutionNode = FALSE
	EndGlobalSection
	GlobalSection(ExtensibilityGlobals) = postSolution
		SolutionGuid = {F93118B4-56D2-42D3-BE22-DD17999CE505}
	EndGlobalSection
EndGlobal
