<?xml version="1.0" encoding="utf-8"?>
<Project ToolsVersion="4.0" xmlns="http://schemas.microsoft.com/developer/msbuild/2003">
  <ItemGroup>
    <ClCompile Include="..\..\src\ctlinedata2curtainimage.cpp">
      <Filter>Source</Filter>
    </ClCompile>
    <ClCompile Include="..\..\submodules\ticpp\ticpp.cpp">
      <Filter>tinyxml</Filter>
    </ClCompile>
    <ClCompile Include="..\..\submodules\ticpp\tinystr.cpp">
      <Filter>tinyxml</Filter>
    </ClCompile>
    <ClCompile Include="..\..\submodules\ticpp\tinyxml.cpp">
      <Filter>tinyxml</Filter>
    </ClCompile>
    <ClCompile Include="..\..\submodules\ticpp\tinyxmlerror.cpp">
      <Filter>tinyxml</Filter>
    </ClCompile>
    <ClCompile Include="..\..\submodules\ticpp\tinyxmlparser.cpp">
      <Filter>tinyxml</Filter>
    </ClCompile>
  </ItemGroup>
  <ItemGroup>
    <ClInclude Include="..\..\submodules\cpp-utils\include\blocklanguage.h">
      <Filter>Headers</Filter>
    </ClInclude>
    <ClInclude Include="..\..\submodules\cpp-utils\include\colormap.h">
      <Filter>Headers</Filter>
    </ClInclude>
    <ClInclude Include="..\..\submodules\cpp-utils\include\file_utils.h">
      <Filter>Headers</Filter>
    </ClInclude>
    <ClInclude Include="..\..\submodules\cpp-utils\include\gdal_utils.h">
      <Filter>Headers</Filter>
    </ClInclude>
    <ClInclude Include="..\..\submodules\cpp-utils\include\general_utils.h">
      <Filter>Headers</Filter>
    </ClInclude>
    <ClInclude Include="..\..\submodules\cpp-utils\include\RamerDouglasPeucker.h">
      <Filter>Headers</Filter>
    </ClInclude>
    <ClInclude Include="..\..\submodules\cpp-utils\include\stretch.h">
      <Filter>Headers</Filter>
    </ClInclude>
    <ClInclude Include="..\..\submodules\cpp-utils\include\undefinedvalues.h">
      <Filter>Headers</Filter>
    </ClInclude>
    <ClInclude Include="..\..\submodules\ticpp\ticpp.h">
      <Filter>tinyxml</Filter>
    </ClInclude>
    <ClInclude Include="..\..\submodules\ticpp\ticppapi.h">
      <Filter>tinyxml</Filter>
    </ClInclude>
    <ClInclude Include="..\..\submodules\ticpp\ticpprc.h">
      <Filter>tinyxml</Filter>
    </ClInclude>
    <ClInclude Include="..\..\submodules\ticpp\tinystr.h">
      <Filter>tinyxml</Filter>
    </ClInclude>
    <ClInclude Include="..\..\submodules\ticpp\tinyxml.h">
      <Filter>tinyxml</Filter>
    </ClInclude>
    <ClInclude Include="..\..\submodules\cpp-utils\include\file_formats.h">
      <Filter>Headers</Filter>
    </ClInclude>
  </ItemGroup>
  <ItemGroup>
    <Filter Include="Source">
      <UniqueIdentifier>{874f6118-ee6a-4782-9865-8d1dae8f4e6d}</UniqueIdentifier>
    </Filter>
    <Filter Include="Headers">
      <UniqueIdentifier>{a42d5513-0942-4cbb-b93d-21aa9b9e27a7}</UniqueIdentifier>
    </Filter>
    <Filter Include="tinyxml">
      <UniqueIdentifier>{3a54c74f-5e02-41af-a8a3-cc40259e0a72}</UniqueIdentifier>
    </Filter>
  </ItemGroup>
</Project>